{
  "requires": true,
  "lockfileVersion": 1,
  "dependencies": {
    "vue-cropping": {
      "version": "0.0.1",
      "resolved": "https://registry.npmjs.org/vue-cropping/-/vue-cropping-0.0.1.tgz",
      "integrity": "sha512-2NnRb+7LdC7BW4lmyMuV3UK+d6sygMxKAK6uteCv/WIkD2NCV9zOJMlJpOd0ZPSIoF65pT2RexeX+IMhGu2pRw=="
    }
  }
}
